
Microsoft Visual Studio Solution File, Format Version 12.00
# Visual Studio Version 17
VisualStudioVersion = 17.0.31912.275
MinimumVisualStudioVersion = 10.0.40219.1
Project("{FAE04EC0-301F-11D3-BF4B-00C04F79EFBC}") = "Filmes_API", "Filmes_API\Filmes_API.csproj", "{DFBD2EB5-E85B-4258-9F5A-712754252C00}"
EndProject
Global
	GlobalSection(SolutionConfigurationPlatforms) = preSolution
		Debug|Any CPU = Debug|Any CPU
		Release|Any CPU = Release|Any CPU
	EndGlobalSection
	GlobalSection(ProjectConfigurationPlatforms) = postSolution
		{DFBD2EB5-E85B-4258-9F5A-712754252C00}.Debug|Any CPU.ActiveCfg = Debug|Any CPU
		{DFBD2EB5-E85B-4258-9F5A-712754252C00}.Debug|Any CPU.Build.0 = Debug|Any CPU
		{DFBD2EB5-E85B-4258-9F5A-712754252C00}.Release|Any CPU.ActiveCfg = Release|Any CPU
		{DFBD2EB5-E85B-4258-9F5A-712754252C00}.Release|Any CPU.Build.0 = Release|Any CPU
	EndGlobalSection
	GlobalSection(SolutionProperties) = preSolution
		HideSolutionNode = FALSE
	EndGlobalSection
	GlobalSection(ExtensibilityGlobals) = postSolution
		SolutionGuid = {B2E3DCB2-0A6F-4050-AA7B-DC6F8A169468}
	EndGlobalSection
EndGlobal
